{
  "depends": [
    {
      "method": "fetchzip",
      "path": "/nix/store/mys0888vyyd12h0qhzg709jk9jb6rmxa-source",
      "rev": "83e2866422788a1db1906734de056b410a49d047",
      "sha256": "0g1mcpfx42wnv2sg551gbgfralp7bf9fv83l2inbv2bhb063fx0z",
      "url": "https://github.com/GULPF/nimquery/archive/83e2866422788a1db1906734de056b410a49d047.tar.gz",
      "ref": "v2.0.1",
      "packages": [
        "nimquery"
      ],
      "srcDir": ""
    },
    {
      "method": "fetchzip",
      "path": "/nix/store/l0yqw6fqpmgyc508mq64l55qgaz7zzng-source",
      "rev": "f3ea51bde207462e37e4fc9a9e10326658c70e73",
      "sha256": "18i4k4k26jcv21k8gcxncvghdm030p3qqb1cp694nl7f7qbv7arr",
      "url": "https://github.com/sergiotapia/filesize/archive/f3ea51bde207462e37e4fc9a9e10326658c70e73.tar.gz",
      "ref": "master",
      "packages": [
        "filesize"
      ],
      "srcDir": "src"
    },
    {
      "method": "fetchzip",
      "path": "/nix/store/bncv5qs8c3z9w2jcmkv1lkw7y2zyrs74-source",
      "rev": "81c8c1d7c7f4947c28eeeac55648f6edd1be37f1",
      "sha256": "1fzqg85f7w0rj1klaqdmk6fdxrz16wphcymi1gvxhpv6b00b60f1",
      "url": "https://github.com/planety/Prologue/archive/81c8c1d7c7f4947c28eeeac55648f6edd1be37f1.tar.gz",
      "ref": "v0.6.6",
      "packages": [
        "prologue"
      ],
      "srcDir": "src"
    },
    {
      "method": "fetchzip",
      "path": "/nix/store/73h80vbxzpffpywzdjycak8a1y7cdqdb-source",
      "rev": "1a662170a0622720ddb8f3dec3407192c5972b4f",
      "sha256": "1lhnjpmlrc2vgk19icbpq9s0hid9739f0n3cycggvlyi0fdz0ada",
      "url": "https://github.com/nitely/nim-regex/archive/1a662170a0622720ddb8f3dec3407192c5972b4f.tar.gz",
      "ref": "v0.8.1",
      "packages": [
        "regex"
      ],
      "srcDir": "src"
    },
    {
      "method": "fetchzip",
      "path": "/nix/store/1y5divckxhpdlhjf25jakr3fnlbqqv0k-source",
      "rev": "dc07e3058c6904eef965394493b6ea99aa2adefc",
      "sha256": "1nj45bn99lyylzd3add01irxn2irhpj2ll9sphjf1zlczmga7d49",
      "url": "https://github.com/cheatfate/nimcrypto/archive/dc07e3058c6904eef965394493b6ea99aa2adefc.tar.gz",
      "ref": "v0.6.2^{}",
      "packages": [
        "nimcrypto"
      ],
      "srcDir": ""
    },
    {
      "method": "fetchzip",
      "path": "/nix/store/9wykmfn5mj0y4rd1k2vl5bxdx3y5p51d-source",
      "rev": "aa96ca83a7c154f08803c7715f054d77f2d623cf",
      "sha256": "1i59qravvqrzav1573b78kliq7r3fhzplfgxzgwnh8hscpq3li6f",
      "url": "https://github.com/planety/cookiejar/archive/aa96ca83a7c154f08803c7715f054d77f2d623cf.tar.gz",
      "ref": "v0.3.0",
      "packages": [
        "cookiejar"
      ],
      "srcDir": "src"
    },
    {
      "method": "fetchzip",
      "path": "/nix/store/mwwlm0fc2i79rynvhiyc35wwb5p9ydy6-source",
      "rev": "47cb5e79c6070153240f7395134885a114b0f039",
      "sha256": "1vyw5s60ylv4l8rkfbq9jzzq2qra2spbpv135nyjmbdij0f5p9bh",
      "url": "https://github.com/ringabout/httpx/archive/47cb5e79c6070153240f7395134885a114b0f039.tar.gz",
      "ref": "v0.3.8",
      "packages": [
        "httpx"
      ],
      "srcDir": "src"
    },
    {
      "method": "fetchzip",
      "path": "/nix/store/lsbcz1zjswczah55qixrr20ch9zyb202-source",
      "rev": "fdad43b69bc4517a3595d1a28e86161e8cfca614",
      "sha256": "1b0zks0qvfwi7x1vxxa0g3ipjky81lh5nqgiqnl1xn7i57ngxk3x",
      "url": "https://github.com/planety/logue/archive/fdad43b69bc4517a3595d1a28e86161e8cfca614.tar.gz",
      "ref": "v0.2.4",
      "packages": [
        "logue"
      ],
      "srcDir": "src"
    },
    {
      "method": "fetchzip",
      "path": "/nix/store/1mcck56sr1h1sf8gv87m761x6f3d1k0l-source",
      "rev": "7c6ee4bfc184d7121896a098d68b639a96df7af1",
      "sha256": "06j8d0bjbpv1iibqlmrac4qb61ggv17hvh6nv4pbccqk1rlpxhsq",
      "url": "https://github.com/nitely/nim-unicodedb/archive/7c6ee4bfc184d7121896a098d68b639a96df7af1.tar.gz",
      "ref": "v0.9.0",
      "packages": [
        "unicodedb"
      ],
      "srcDir": "src"
    },
    {
      "method": "fetchzip",
      "path": "/nix/store/16fm03dql3pplz3ip40k0nbxw1gc0880-source",
      "rev": "f5d50197b266173dd4ca4c6fdd30361398433bb4",
      "sha256": "1cd3n9l45z60gpv0rc84v1ngkjxn0i45vz0lzy63052m7m0j2rks",
      "url": "https://github.com/nitely/nim-unicodeplus/archive/f5d50197b266173dd4ca4c6fdd30361398433bb4.tar.gz",
      "ref": "v0.9.1",
      "packages": [
        "unicodeplus"
      ],
      "srcDir": "src"
    },
    {
      "method": "fetchzip",
      "path": "/nix/store/jyd3r1x8dg4qjb236l51q7qckw3z2crg-source",
      "rev": "c9344036936a49db3ff1bce97e0896d6aabcf22d",
      "sha256": "0c0k6s45pgga02wx7j9agf1f5lwwfxvxj94qy1m32cy8sx2chjgp",
      "url": "https://github.com/ringabout/ioselectors/archive/c9344036936a49db3ff1bce97e0896d6aabcf22d.tar.gz",
      "ref": "v0.2.0",
      "packages": [
        "ioselectors"
      ],
      "srcDir": "src"
    },
    {
      "method": "fetchzip",
      "path": "/nix/store/xhjd99w42nrbi93czwqrpiqk75am3dcn-source",
      "rev": "e274362fc12dff368aeacd982112385f59fc8c49",
      "sha256": "19d8na1qnq80y0zwrsq3a99dnxir1c9vjg6h355cm15l4wgad2c8",
      "url": "https://github.com/c-blake/cligen/archive/e274362fc12dff368aeacd982112385f59fc8c49.tar.gz",
      "ref": "1.7.8",
      "packages": [
        "cligen"
      ],
      "srcDir": ""
    },
    {
      "method": "fetchzip",
      "path": "/nix/store/c4c1bbxd29gmjj543wma2sbya5wvw5yg-source",
      "rev": "6845c68cf00c1546f49d628ae11334acba966bfb",
      "sha256": "007bkx8dwy8n340zbp6wyqfsq9bh6q5ykav1ywdlwykyp1n909bh",
      "url": "https://github.com/nitely/nim-segmentation/archive/6845c68cf00c1546f49d628ae11334acba966bfb.tar.gz",
      "ref": "v0.1.0",
      "packages": [
        "segmentation"
      ],
      "srcDir": "src"
    },
    {
      "method": "fetchzip",
      "path": "/nix/store/9d2wzxvnk7m8s14f448wjd818p29k971-source",
      "rev": "07fb549ecf656f9aab957b78fb0d1e2d2e47a76f",
      "sha256": "0h1nda2qil418zpn457g6xj6vzf7ccs53hmhh7yngk1rz9f47flq",
      "url": "https://github.com/ringabout/wepoll/archive/07fb549ecf656f9aab957b78fb0d1e2d2e47a76f.tar.gz",
      "ref": "v0.1.2",
      "packages": [
        "wepoll"
      ],
      "srcDir": "src"
    }
  ]
}